PODS:
  - LGMacroAndCategoryModule (1.0.0)

DEPENDENCIES:
  - LGMacroAndCategoryModule (from `../`)

EXTERNAL SOURCES:
  LGMacroAndCategoryModule:
    :path: "../"

SPEC CHECKSUMS:
  LGMacroAndCategoryModule: 5622942e641b4b401676f6fcd0aea495a95c71ad

PODFILE CHECKSUM: 88b976c96be359e7bff65ca9cef0a21585a99dc9

COCOAPODS: 1.9.1
