PODS:
  - LGMacroAndCategoryModule (1.0.0)

DEPENDENCIES:
  - LGMacroAndCategoryModule (from `../`)

EXTERNAL SOURCES:
  LGMacroAndCategoryModule:
    :path: "../"

SPEC CHECKSUMS:
  LGMacroAndCategoryModule: 5f7e2cc2f4110950039c69acba36a01cc808d630

PODFILE CHECKSUM: 88b976c96be359e7bff65ca9cef0a21585a99dc9

COCOAPODS: 1.9.1
